hash: 9db41f2c98eed950ed7da807230fef404967a7a1fec510902dd97a603376b73a
updated: 2017-05-30T15:53:33.507060368-04:00
imports:
- name: bosun.org
  version: 879669a0c9ad177aa1aa439edf3b448523b982ce
  subpackages:
  - cmd/scollector/collectors
  - cmd/scollector/conf
  - collect
  - metadata
  - models
  - opentsdb
  - slog
  - snmp
  - snmp/asn1
  - snmp/mib
  - util
  - vsphere
- name: github.com/aws/aws-sdk-go
  version: 63ce630574a5ec05ecd8e8de5cea16332a5a684d
  subpackages:
  - aws
  - aws/awserr
  - aws/awsutil
  - aws/client
  - aws/client/metadata
  - aws/corehandlers
  - aws/credentials
  - aws/credentials/ec2rolecreds
  - aws/credentials/endpointcreds
  - aws/credentials/stscreds
  - aws/defaults
  - aws/ec2metadata
  - aws/endpoints
  - aws/request
  - aws/session
  - aws/signer/v4
  - private/protocol
  - private/protocol/ec2query
  - private/protocol/query
  - private/protocol/query/queryutil
  - private/protocol/rest
  - private/protocol/restxml
  - private/protocol/xml/xmlutil
  - private/waiter
  - service/cloudwatch
  - service/ec2
  - service/elb
  - service/route53
  - service/s3
  - service/s3/s3iface
  - service/s3/s3manager
  - service/sts
- name: github.com/bosun-monitor/statusio
  version: ab1583139762a47425d3c189a7cb6344c3220d95
- name: github.com/BurntSushi/toml
  version: b26d9c308763d68093482582cea63d69be07a0f0
- name: github.com/coreos/go-systemd
  version: 1f9909e51b2dab2487c26d64c8f2e7e580e4c9f5
  subpackages:
  - dbus
- name: github.com/garyburd/redigo
  version: 433969511232c397de61b1442f9fd49ec06ae9ba
  subpackages:
  - internal
  - redis
- name: github.com/go-ini/ini
  version: afbc45e87f3ba324c532d12c71918ef52e0fb194
- name: github.com/go-ole/go-ole
  version: de8695c8edbf8236f30d6e1376e20b198a028d42
  subpackages:
  - oleutil
- name: github.com/gocarina/gocsv
  version: 911e4d95f88fba73eee965e7031bd52081607161
- name: github.com/godbus/dbus
  version: 5f6efc7ef2759c81b7ba876593971bfce311eab3
- name: github.com/golang/glog
  version: fca8c8854093a154ff1eb580aae10276ad6b1b5f
- name: github.com/golang/protobuf
  version: b982704f8bb716bb608144408cff30e15fbde841
  subpackages:
  - proto
- name: github.com/google/cadvisor
  version: 7fecf8bc2bdb7ce6715902da9e69b402a1543a48
  subpackages:
  - client
  - info/v1
- name: github.com/google/go-github
  version: ebfec748347a9af6793c723f8859afcd906860fb
  subpackages:
  - github
- name: github.com/google/go-querystring
  version: 53e6ce116135b80d037921a7fdd5138cf32d7a8a
  subpackages:
  - query
- name: github.com/GROpenSourceDev/go-ntlm-auth
  version: 6314d66e1d8ffd12a8da4be59eb4467b60dde719
  subpackages:
  - ntlm
- name: github.com/jmespath/go-jmespath
  version: 0b12d6b521d83fc7f755e7cfc1b1fbdd35a01a74
- name: github.com/kylebrandt/gohop
  version: f6dbeb38f6df78d7edcc9407936a9b50b7f13af0
- name: github.com/mhenderson-so/azure-ea-billing
  version: 6d78aaa1ddc3c516443dd70b6b5303466484675d
- name: github.com/StackExchange/httpunit
  version: 1a8a5c744f7769807aa086d2e3f7ee47955839b3
- name: github.com/StackExchange/mof
  version: 2bb66392c0273ed914c2b83442e8a61effa42678
- name: github.com/StackExchange/wmi
  version: ea383cf3ba6ec950874b8486cd72356d007c768f
- name: github.com/tatsushid/go-fastping
  version: d7bb493dee3e090e2ffb6914adddf17c1e7c026c
- name: golang.org/x/net
  version: 5627bad10b821d907ac4dc81fb3535ec7dd81c2b
  subpackages:
  - context
  - context/ctxhttp
  - html
  - html/atom
  - icmp
  - internal/iana
  - ipv4
  - ipv6
- name: golang.org/x/oauth2
  version: ca8a464d23d55afd32571475db223e065ffd8a52
  subpackages:
  - google
  - internal
  - jws
  - jwt
- name: golang.org/x/sys
  version: a646d33e2ee3172a661fc09bca23bb4889a41bc8
  subpackages:
  - windows
  - windows/svc
  - windows/svc/debug
- name: google.golang.org/api
  version: 0c2979aeaa5b573e60d3ddffe5ce8dca8df309bd
  subpackages:
  - analytics/v3
  - googleapi
  - googleapi/internal/uritemplates
  - webmasters/v3
- name: google.golang.org/appengine
  version: a2f4131514e563cedfdb6e7d267df9ad48591e93
  subpackages:
  - internal
  - internal/app_identity
  - internal/base
  - internal/datastore
  - internal/log
  - internal/modules
  - internal/remote_api
  - internal/urlfetch
  - urlfetch
- name: google.golang.org/cloud
  version: af2c1bfef5320bb98ada3c4a12d06093ba8e7a8a
  subpackages:
  - compute/metadata
- name: gopkg.in/yaml.v1
  version: 9f9df34309c04878acc86042b16630b0f696e1de
testImports: []
